{
 "graph_lock": {
  "nodes": {
   "0": {
    "options": "abseil:fPIC=True\nabseil:shared=False\nboost:addr2line_location=/usr/bin/addr2line\nboost:asio_no_deprecated=False\nboost:buildid=None\nboost:bzip2=True\nboost:debug_level=0\nboost:diagnostic_definitions=False\nboost:error_code_header_only=False\nboost:extra_b2_flags=None\nboost:fPIC=True\nboost:filesystem_no_deprecated=False\nboost:header_only=False\nboost:i18n_backend=deprecated\nboost:i18n_backend_iconv=libc\nboost:i18n_backend_icu=False\nboost:layout=system\nboost:lzma=False\nboost:magic_autolink=False\nboost:multithreading=True\nboost:namespace=boost\nboost:namespace_alias=False\nboost:numa=True\nboost:pch=True\nboost:python_executable=None\nboost:python_version=None\nboost:segmented_stacks=False\nboost:shared=False\nboost:system_no_deprecated=False\nboost:visibility=hidden\nboost:with_stacktrace_backtrace=True\nboost:without_atomic=False\nboost:without_chrono=False\nboost:without_container=False\nboost:without_context=False\nboost:without_contract=False\nboost:without_coroutine=False\nboost:without_date_time=False\nboost:without_exception=False\nboost:without_fiber=False\nboost:without_filesystem=False\nboost:without_graph=False\nboost:without_graph_parallel=True\nboost:without_iostreams=False\nboost:without_json=False\nboost:without_locale=False\nboost:without_log=False\nboost:without_math=False\nboost:without_mpi=True\nboost:without_nowide=False\nboost:without_program_options=False\nboost:without_python=True\nboost:without_random=False\nboost:without_regex=False\nboost:without_serialization=False\nboost:without_stacktrace=False\nboost:without_system=False\nboost:without_test=False\nboost:without_thread=False\nboost:without_timer=False\nboost:without_type_erasure=False\nboost:without_wave=False\nboost:zlib=True\nboost:zstd=False\nbzip2:build_executable=True\nbzip2:fPIC=True\nbzip2:shared=False\nc-ares:fPIC=True\nc-ares:shared=False\nc-ares:tools=True\ngrpc:codegen=True\ngrpc:cpp_plugin=True\ngrpc:csharp_ext=False\ngrpc:csharp_plugin=True\ngrpc:fPIC=True\ngrpc:node_plugin=True\ngrpc:objective_c_plugin=True\ngrpc:php_plugin=True\ngrpc:python_plugin=True\ngrpc:ruby_plugin=True\ngrpc:secure=False\ngrpc:shared=False\nlibbacktrace:fPIC=True\nlibbacktrace:shared=False\nlibcurl:fPIC=True\nlibcurl:shared=False\nlibcurl:with_brotli=False\nlibcurl:with_c_ares=False\nlibcurl:with_cookies=True\nlibcurl:with_crypto_auth=True\nlibcurl:with_dict=True\nlibcurl:with_docs=False\nlibcurl:with_file=True\nlibcurl:with_ftp=True\nlibcurl:with_gopher=True\nlibcurl:with_http=True\nlibcurl:with_imap=True\nlibcurl:with_ipv6=True\nlibcurl:with_largemaxwritesize=False\nlibcurl:with_ldap=False\nlibcurl:with_libidn=False\nlibcurl:with_libpsl=False\nlibcurl:with_librtmp=False\nlibcurl:with_libssh2=False\nlibcurl:with_mqtt=True\nlibcurl:with_nghttp2=False\nlibcurl:with_ntlm=True\nlibcurl:with_ntlm_wb=True\nlibcurl:with_pop3=True\nlibcurl:with_proxy=True\nlibcurl:with_rtsp=True\nlibcurl:with_smb=True\nlibcurl:with_smtp=True\nlibcurl:with_ssl=openssl\nlibcurl:with_symbol_hiding=False\nlibcurl:with_telnet=True\nlibcurl:with_tftp=True\nlibcurl:with_unix_sockets=True\nlibcurl:with_verbose_debug=True\nlibcurl:with_zlib=True\nlibcurl:with_zstd=False\nlibevent:disable_threads=False\nlibevent:fPIC=True\nlibevent:shared=False\nlibevent:with_openssl=True\nopenssl:386=False\nopenssl:enable_weak_ssl_ciphers=False\nopenssl:fPIC=True\nopenssl:no_aria=False\nopenssl:no_asm=False\nopenssl:no_async=False\nopenssl:no_bf=False\nopenssl:no_blake2=False\nopenssl:no_camellia=False\nopenssl:no_cast=False\nopenssl:no_chacha=False\nopenssl:no_cms=False\nopenssl:no_comp=False\nopenssl:no_ct=False\nopenssl:no_deprecated=False\nopenssl:no_des=False\nopenssl:no_dgram=False\nopenssl:no_dh=False\nopenssl:no_dsa=False\nopenssl:no_dso=False\nopenssl:no_ec=False\nopenssl:no_ecdh=False\nopenssl:no_ecdsa=False\nopenssl:no_engine=False\nopenssl:no_filenames=False\nopenssl:no_gost=False\nopenssl:no_hmac=False\nopenssl:no_idea=False\nopenssl:no_md4=False\nopenssl:no_md5=False\nopenssl:no_mdc2=False\nopenssl:no_ocsp=False\nopenssl:no_pinshared=False\nopenssl:no_rc2=False\nopenssl:no_rfc3779=False\nopenssl:no_rmd160=False\nopenssl:no_rsa=False\nopenssl:no_seed=False\nopenssl:no_sha=False\nopenssl:no_sm2=False\nopenssl:no_sm3=False\nopenssl:no_sm4=False\nopenssl:no_sock=False\nopenssl:no_srp=False\nopenssl:no_srtp=False\nopenssl:no_sse2=False\nopenssl:no_ssl=False\nopenssl:no_ssl3=False\nopenssl:no_stdio=False\nopenssl:no_tests=False\nopenssl:no_threads=False\nopenssl:no_tls1=False\nopenssl:no_ts=False\nopenssl:no_whirlpool=False\nopenssl:openssldir=None\nopenssl:shared=False\nopentelemetry-cpp:fPIC=True\nopentelemetry-cpp:shared=False\npistache:fPIC=True\npistache:shared=False\npistache:with_ssl=False\nprotobuf:fPIC=True\nprotobuf:lite=False\nprotobuf:shared=False\nprotobuf:with_rtti=True\nprotobuf:with_zlib=True\nre2:fPIC=True\nre2:shared=False\nthrift:fPIC=True\nthrift:shared=False\nthrift:with_c_glib=False\nthrift:with_cpp=True\nthrift:with_haskell=False\nthrift:with_java=False\nthrift:with_libevent=True\nthrift:with_openssl=True\nthrift:with_python=False\nthrift:with_qt=False\nthrift:with_zlib=True\nzlib:fPIC=True\nzlib:shared=False",
    "requires": [
     "1",
     "17"
    ],
    "path": "../conanfile.txt",
    "context": "host"
   },
   "1": {
    "ref": "opentelemetry-cpp/1.2.0",
    "options": "fPIC=True\nshared=False\nabseil:fPIC=True\nabseil:shared=False\nboost:addr2line_location=/usr/bin/addr2line\nboost:asio_no_deprecated=False\nboost:buildid=None\nboost:bzip2=True\nboost:debug_level=0\nboost:diagnostic_definitions=False\nboost:error_code_header_only=False\nboost:extra_b2_flags=None\nboost:fPIC=True\nboost:filesystem_no_deprecated=False\nboost:header_only=False\nboost:i18n_backend=deprecated\nboost:i18n_backend_iconv=libc\nboost:i18n_backend_icu=False\nboost:layout=system\nboost:lzma=False\nboost:magic_autolink=False\nboost:multithreading=True\nboost:namespace=boost\nboost:namespace_alias=False\nboost:numa=True\nboost:pch=True\nboost:python_executable=None\nboost:python_version=None\nboost:segmented_stacks=False\nboost:shared=False\nboost:system_no_deprecated=False\nboost:visibility=hidden\nboost:with_stacktrace_backtrace=True\nboost:without_atomic=False\nboost:without_chrono=False\nboost:without_container=False\nboost:without_context=False\nboost:without_contract=False\nboost:without_coroutine=False\nboost:without_date_time=False\nboost:without_exception=False\nboost:without_fiber=False\nboost:without_filesystem=False\nboost:without_graph=False\nboost:without_graph_parallel=True\nboost:without_iostreams=False\nboost:without_json=False\nboost:without_locale=False\nboost:without_log=False\nboost:without_math=False\nboost:without_mpi=True\nboost:without_nowide=False\nboost:without_program_options=False\nboost:without_python=True\nboost:without_random=False\nboost:without_regex=False\nboost:without_serialization=False\nboost:without_stacktrace=False\nboost:without_system=False\nboost:without_test=False\nboost:without_thread=False\nboost:without_timer=False\nboost:without_type_erasure=False\nboost:without_wave=False\nboost:zlib=True\nboost:zstd=False\nbzip2:build_executable=True\nbzip2:fPIC=True\nbzip2:shared=False\nc-ares:fPIC=True\nc-ares:shared=False\nc-ares:tools=True\ngrpc:codegen=True\ngrpc:cpp_plugin=True\ngrpc:csharp_ext=False\ngrpc:csharp_plugin=True\ngrpc:fPIC=True\ngrpc:node_plugin=True\ngrpc:objective_c_plugin=True\ngrpc:php_plugin=True\ngrpc:python_plugin=True\ngrpc:ruby_plugin=True\ngrpc:secure=False\ngrpc:shared=False\nlibbacktrace:fPIC=True\nlibbacktrace:shared=False\nlibcurl:fPIC=True\nlibcurl:shared=False\nlibcurl:with_brotli=False\nlibcurl:with_c_ares=False\nlibcurl:with_cookies=True\nlibcurl:with_crypto_auth=True\nlibcurl:with_dict=True\nlibcurl:with_docs=False\nlibcurl:with_file=True\nlibcurl:with_ftp=True\nlibcurl:with_gopher=True\nlibcurl:with_http=True\nlibcurl:with_imap=True\nlibcurl:with_ipv6=True\nlibcurl:with_largemaxwritesize=False\nlibcurl:with_ldap=False\nlibcurl:with_libidn=False\nlibcurl:with_libpsl=False\nlibcurl:with_librtmp=False\nlibcurl:with_libssh2=False\nlibcurl:with_mqtt=True\nlibcurl:with_nghttp2=False\nlibcurl:with_ntlm=True\nlibcurl:with_ntlm_wb=True\nlibcurl:with_pop3=True\nlibcurl:with_proxy=True\nlibcurl:with_rtsp=True\nlibcurl:with_smb=True\nlibcurl:with_smtp=True\nlibcurl:with_ssl=openssl\nlibcurl:with_symbol_hiding=False\nlibcurl:with_telnet=True\nlibcurl:with_tftp=True\nlibcurl:with_unix_sockets=True\nlibcurl:with_verbose_debug=True\nlibcurl:with_zlib=True\nlibcurl:with_zstd=False\nlibevent:disable_threads=False\nlibevent:fPIC=True\nlibevent:shared=False\nlibevent:with_openssl=True\nopenssl:386=False\nopenssl:enable_weak_ssl_ciphers=False\nopenssl:fPIC=True\nopenssl:no_aria=False\nopenssl:no_asm=False\nopenssl:no_async=False\nopenssl:no_bf=False\nopenssl:no_blake2=False\nopenssl:no_camellia=False\nopenssl:no_cast=False\nopenssl:no_chacha=False\nopenssl:no_cms=False\nopenssl:no_comp=False\nopenssl:no_ct=False\nopenssl:no_deprecated=False\nopenssl:no_des=False\nopenssl:no_dgram=False\nopenssl:no_dh=False\nopenssl:no_dsa=False\nopenssl:no_dso=False\nopenssl:no_ec=False\nopenssl:no_ecdh=False\nopenssl:no_ecdsa=False\nopenssl:no_engine=False\nopenssl:no_filenames=False\nopenssl:no_gost=False\nopenssl:no_hmac=False\nopenssl:no_idea=False\nopenssl:no_md4=False\nopenssl:no_md5=False\nopenssl:no_mdc2=False\nopenssl:no_ocsp=False\nopenssl:no_pinshared=False\nopenssl:no_rc2=False\nopenssl:no_rfc3779=False\nopenssl:no_rmd160=False\nopenssl:no_rsa=False\nopenssl:no_seed=False\nopenssl:no_sha=False\nopenssl:no_sm2=False\nopenssl:no_sm3=False\nopenssl:no_sm4=False\nopenssl:no_sock=False\nopenssl:no_srp=False\nopenssl:no_srtp=False\nopenssl:no_sse2=False\nopenssl:no_ssl=False\nopenssl:no_ssl3=False\nopenssl:no_stdio=False\nopenssl:no_tests=False\nopenssl:no_threads=False\nopenssl:no_tls1=False\nopenssl:no_ts=False\nopenssl:no_whirlpool=False\nopenssl:openssldir=None\nopenssl:shared=False\nprotobuf:fPIC=True\nprotobuf:lite=False\nprotobuf:shared=False\nprotobuf:with_rtti=True\nprotobuf:with_zlib=True\nre2:fPIC=True\nre2:shared=False\nthrift:fPIC=True\nthrift:shared=False\nthrift:with_c_glib=False\nthrift:with_cpp=True\nthrift:with_haskell=False\nthrift:with_java=False\nthrift:with_libevent=True\nthrift:with_openssl=True\nthrift:with_python=False\nthrift:with_qt=False\nthrift:with_zlib=True\nzlib:fPIC=True\nzlib:shared=False",
    "package_id": "3f8d93b1b93fefd8f5364e0cd13756b8290f8af4",
    "prev": "0",
    "requires": [
     "2",
     "3",
     "9",
     "10",
     "5",
     "11",
     "6",
     "12"
    ],
    "context": "host"
   },
   "2": {
    "ref": "abseil/20211102.0",
    "options": "fPIC=True\nshared=False",
    "package_id": "b173bbda18164d49a449ffadc1c9e817f49e819d",
    "prev": "0",
    "context": "host"
   },
   "3": {
    "ref": "grpc/1.44.0",
    "options": "codegen=True\ncpp_plugin=True\ncsharp_ext=False\ncsharp_plugin=True\nfPIC=True\nnode_plugin=True\nobjective_c_plugin=True\nphp_plugin=True\npython_plugin=True\nruby_plugin=True\nsecure=False\nshared=False\nabseil:fPIC=True\nabseil:shared=False\nc-ares:fPIC=True\nc-ares:shared=False\nc-ares:tools=True\nopenssl:386=False\nopenssl:enable_weak_ssl_ciphers=False\nopenssl:fPIC=True\nopenssl:no_aria=False\nopenssl:no_asm=False\nopenssl:no_async=False\nopenssl:no_bf=False\nopenssl:no_blake2=False\nopenssl:no_camellia=False\nopenssl:no_cast=False\nopenssl:no_chacha=False\nopenssl:no_cms=False\nopenssl:no_comp=False\nopenssl:no_ct=False\nopenssl:no_deprecated=False\nopenssl:no_des=False\nopenssl:no_dgram=False\nopenssl:no_dh=False\nopenssl:no_dsa=False\nopenssl:no_dso=False\nopenssl:no_ec=False\nopenssl:no_ecdh=False\nopenssl:no_ecdsa=False\nopenssl:no_engine=False\nopenssl:no_filenames=False\nopenssl:no_gost=False\nopenssl:no_hmac=False\nopenssl:no_idea=False\nopenssl:no_md4=False\nopenssl:no_md5=False\nopenssl:no_mdc2=False\nopenssl:no_ocsp=False\nopenssl:no_pinshared=False\nopenssl:no_rc2=False\nopenssl:no_rfc3779=False\nopenssl:no_rmd160=False\nopenssl:no_rsa=False\nopenssl:no_seed=False\nopenssl:no_sha=False\nopenssl:no_sm2=False\nopenssl:no_sm3=False\nopenssl:no_sm4=False\nopenssl:no_sock=False\nopenssl:no_srp=False\nopenssl:no_srtp=False\nopenssl:no_sse2=False\nopenssl:no_ssl=False\nopenssl:no_ssl3=False\nopenssl:no_stdio=False\nopenssl:no_tests=False\nopenssl:no_threads=False\nopenssl:no_tls1=False\nopenssl:no_ts=False\nopenssl:no_whirlpool=False\nopenssl:openssldir=None\nopenssl:shared=False\nprotobuf:fPIC=True\nprotobuf:lite=False\nprotobuf:shared=False\nprotobuf:with_rtti=True\nprotobuf:with_zlib=True\nre2:fPIC=True\nre2:shared=False\nzlib:fPIC=True\nzlib:shared=False",
    "package_id": "8d7390cdc8a3187aa001e1d606faf3a4fe9106fb",
    "prev": "0",
    "requires": [
     "4",
     "5",
     "6",
     "7",
     "2",
     "8"
    ],
    "context": "host"
   },
   "4": {
    "ref": "zlib/1.2.11",
    "options": "fPIC=True\nshared=False",
    "package_id": "19729b9559f3ae196cad45cb2b97468ccb75dcd1",
    "prev": "0",
    "context": "host"
   },
   "5": {
    "ref": "openssl/1.1.1m",
    "options": "386=False\nenable_weak_ssl_ciphers=False\nfPIC=True\nno_aria=False\nno_asm=False\nno_async=False\nno_bf=False\nno_blake2=False\nno_camellia=False\nno_cast=False\nno_chacha=False\nno_cms=False\nno_comp=False\nno_ct=False\nno_deprecated=False\nno_des=False\nno_dgram=False\nno_dh=False\nno_dsa=False\nno_dso=False\nno_ec=False\nno_ecdh=False\nno_ecdsa=False\nno_engine=False\nno_filenames=False\nno_gost=False\nno_hmac=False\nno_idea=False\nno_md4=False\nno_md5=False\nno_mdc2=False\nno_ocsp=False\nno_pinshared=False\nno_rc2=False\nno_rfc3779=False\nno_rmd160=False\nno_rsa=False\nno_seed=False\nno_sha=False\nno_sm2=False\nno_sm3=False\nno_sm4=False\nno_sock=False\nno_srp=False\nno_srtp=False\nno_sse2=False\nno_ssl=False\nno_ssl3=False\nno_stdio=False\nno_tests=False\nno_threads=False\nno_tls1=False\nno_ts=False\nno_whirlpool=False\nopenssldir=None\nshared=False",
    "package_id": "19729b9559f3ae196cad45cb2b97468ccb75dcd1",
    "prev": "0",
    "context": "host"
   },
   "6": {
    "ref": "protobuf/3.19.2",
    "options": "fPIC=True\nlite=False\nshared=False\nwith_rtti=True\nwith_zlib=True\nzlib:fPIC=True\nzlib:shared=False",
    "package_id": "e8224316157fcb4b4f98b4ef6205feedbbc2add3",
    "prev": "0",
    "requires": [
     "4"
    ],
    "context": "host"
   },
   "7": {
    "ref": "c-ares/1.17.2",
    "options": "fPIC=True\nshared=False\ntools=True",
    "package_id": "29b1a7b6d5a3c9f005e799c80fcc6320c89f9745",
    "prev": "0",
    "context": "host"
   },
   "8": {
    "ref": "re2/20211101",
    "options": "fPIC=True\nshared=False",
    "package_id": "b173bbda18164d49a449ffadc1c9e817f49e819d",
    "prev": "0",
    "context": "host"
   },
   "9": {
    "ref": "libcurl/7.80.0",
    "options": "fPIC=True\nshared=False\nwith_brotli=False\nwith_c_ares=False\nwith_cookies=True\nwith_crypto_auth=True\nwith_dict=True\nwith_docs=False\nwith_file=True\nwith_ftp=True\nwith_gopher=True\nwith_http=True\nwith_imap=True\nwith_ipv6=True\nwith_largemaxwritesize=False\nwith_ldap=False\nwith_libidn=False\nwith_libpsl=False\nwith_librtmp=False\nwith_libssh2=False\nwith_mqtt=True\nwith_nghttp2=False\nwith_ntlm=True\nwith_ntlm_wb=True\nwith_pop3=True\nwith_proxy=True\nwith_rtsp=True\nwith_smb=True\nwith_smtp=True\nwith_ssl=openssl\nwith_symbol_hiding=False\nwith_telnet=True\nwith_tftp=True\nwith_unix_sockets=True\nwith_verbose_debug=True\nwith_zlib=True\nwith_zstd=False\nopenssl:386=False\nopenssl:enable_weak_ssl_ciphers=False\nopenssl:fPIC=True\nopenssl:no_aria=False\nopenssl:no_asm=False\nopenssl:no_async=False\nopenssl:no_bf=False\nopenssl:no_blake2=False\nopenssl:no_camellia=False\nopenssl:no_cast=False\nopenssl:no_chacha=False\nopenssl:no_cms=False\nopenssl:no_comp=False\nopenssl:no_ct=False\nopenssl:no_deprecated=False\nopenssl:no_des=False\nopenssl:no_dgram=False\nopenssl:no_dh=False\nopenssl:no_dsa=False\nopenssl:no_dso=False\nopenssl:no_ec=False\nopenssl:no_ecdh=False\nopenssl:no_ecdsa=False\nopenssl:no_engine=False\nopenssl:no_filenames=False\nopenssl:no_gost=False\nopenssl:no_hmac=False\nopenssl:no_idea=False\nopenssl:no_md4=False\nopenssl:no_md5=False\nopenssl:no_mdc2=False\nopenssl:no_ocsp=False\nopenssl:no_pinshared=False\nopenssl:no_rc2=False\nopenssl:no_rfc3779=False\nopenssl:no_rmd160=False\nopenssl:no_rsa=False\nopenssl:no_seed=False\nopenssl:no_sha=False\nopenssl:no_sm2=False\nopenssl:no_sm3=False\nopenssl:no_sm4=False\nopenssl:no_sock=False\nopenssl:no_srp=False\nopenssl:no_srtp=False\nopenssl:no_sse2=False\nopenssl:no_ssl=False\nopenssl:no_ssl3=False\nopenssl:no_stdio=False\nopenssl:no_tests=False\nopenssl:no_threads=False\nopenssl:no_tls1=False\nopenssl:no_ts=False\nopenssl:no_whirlpool=False\nopenssl:openssldir=None\nopenssl:shared=False\nzlib:fPIC=True\nzlib:shared=False",
    "package_id": "f0c7e3b6bfdf043d1e63070037417f374650f024",
    "prev": "0",
    "requires": [
     "5",
     "4"
    ],
    "context": "host"
   },
   "10": {
    "ref": "nlohmann_json/3.10.5",
    "options": "",
    "package_id": "5ab84d6acfe1f23c4fae0ab88f26e3a396351ac9",
    "prev": "0",
    "context": "host"
   },
   "11": {
    "ref": "opentelemetry-proto/0.11.0",
    "options": "",
    "package_id": "5ab84d6acfe1f23c4fae0ab88f26e3a396351ac9",
    "prev": "0",
    "context": "host"
   },
   "12": {
    "ref": "thrift/0.14.2",
    "options": "fPIC=True\nshared=False\nwith_c_glib=False\nwith_cpp=True\nwith_haskell=False\nwith_java=False\nwith_libevent=True\nwith_openssl=True\nwith_python=False\nwith_qt=False\nwith_zlib=True\nboost:addr2line_location=/usr/bin/addr2line\nboost:asio_no_deprecated=False\nboost:buildid=None\nboost:bzip2=True\nboost:debug_level=0\nboost:diagnostic_definitions=False\nboost:error_code_header_only=False\nboost:extra_b2_flags=None\nboost:fPIC=True\nboost:filesystem_no_deprecated=False\nboost:header_only=False\nboost:i18n_backend=deprecated\nboost:i18n_backend_iconv=libc\nboost:i18n_backend_icu=False\nboost:layout=system\nboost:lzma=False\nboost:magic_autolink=False\nboost:multithreading=True\nboost:namespace=boost\nboost:namespace_alias=False\nboost:numa=True\nboost:pch=True\nboost:python_executable=None\nboost:python_version=None\nboost:segmented_stacks=False\nboost:shared=False\nboost:system_no_deprecated=False\nboost:visibility=hidden\nboost:with_stacktrace_backtrace=True\nboost:without_atomic=False\nboost:without_chrono=False\nboost:without_container=False\nboost:without_context=False\nboost:without_contract=False\nboost:without_coroutine=False\nboost:without_date_time=False\nboost:without_exception=False\nboost:without_fiber=False\nboost:without_filesystem=False\nboost:without_graph=False\nboost:without_graph_parallel=True\nboost:without_iostreams=False\nboost:without_json=False\nboost:without_locale=False\nboost:without_log=False\nboost:without_math=False\nboost:without_mpi=True\nboost:without_nowide=False\nboost:without_program_options=False\nboost:without_python=True\nboost:without_random=False\nboost:without_regex=False\nboost:without_serialization=False\nboost:without_stacktrace=False\nboost:without_system=False\nboost:without_test=False\nboost:without_thread=False\nboost:without_timer=False\nboost:without_type_erasure=False\nboost:without_wave=False\nboost:zlib=True\nboost:zstd=False\nbzip2:build_executable=True\nbzip2:fPIC=True\nbzip2:shared=False\nlibbacktrace:fPIC=True\nlibbacktrace:shared=False\nlibevent:disable_threads=False\nlibevent:fPIC=True\nlibevent:shared=False\nlibevent:with_openssl=True\nopenssl:386=False\nopenssl:enable_weak_ssl_ciphers=False\nopenssl:fPIC=True\nopenssl:no_aria=False\nopenssl:no_asm=False\nopenssl:no_async=False\nopenssl:no_bf=False\nopenssl:no_blake2=False\nopenssl:no_camellia=False\nopenssl:no_cast=False\nopenssl:no_chacha=False\nopenssl:no_cms=False\nopenssl:no_comp=False\nopenssl:no_ct=False\nopenssl:no_deprecated=False\nopenssl:no_des=False\nopenssl:no_dgram=False\nopenssl:no_dh=False\nopenssl:no_dsa=False\nopenssl:no_dso=False\nopenssl:no_ec=False\nopenssl:no_ecdh=False\nopenssl:no_ecdsa=False\nopenssl:no_engine=False\nopenssl:no_filenames=False\nopenssl:no_gost=False\nopenssl:no_hmac=False\nopenssl:no_idea=False\nopenssl:no_md4=False\nopenssl:no_md5=False\nopenssl:no_mdc2=False\nopenssl:no_ocsp=False\nopenssl:no_pinshared=False\nopenssl:no_rc2=False\nopenssl:no_rfc3779=False\nopenssl:no_rmd160=False\nopenssl:no_rsa=False\nopenssl:no_seed=False\nopenssl:no_sha=False\nopenssl:no_sm2=False\nopenssl:no_sm3=False\nopenssl:no_sm4=False\nopenssl:no_sock=False\nopenssl:no_srp=False\nopenssl:no_srtp=False\nopenssl:no_sse2=False\nopenssl:no_ssl=False\nopenssl:no_ssl3=False\nopenssl:no_stdio=False\nopenssl:no_tests=False\nopenssl:no_threads=False\nopenssl:no_tls1=False\nopenssl:no_ts=False\nopenssl:no_whirlpool=False\nopenssl:openssldir=None\nopenssl:shared=False\nzlib:fPIC=True\nzlib:shared=False",
    "package_id": "ac26c0e48f3c75b4ba727df4349a3bdcf1cbcdf6",
    "prev": "0",
    "requires": [
     "13",
     "5",
     "4",
     "16"
    ],
    "context": "host"
   },
   "13": {
    "ref": "boost/1.78.0",
    "options": "addr2line_location=/usr/bin/addr2line\nasio_no_deprecated=False\nbuildid=None\nbzip2=True\ndebug_level=0\ndiagnostic_definitions=False\nerror_code_header_only=False\nextra_b2_flags=None\nfPIC=True\nfilesystem_no_deprecated=False\nheader_only=False\ni18n_backend=deprecated\ni18n_backend_iconv=libc\ni18n_backend_icu=False\nlayout=system\nlzma=False\nmagic_autolink=False\nmultithreading=True\nnamespace=boost\nnamespace_alias=False\nnuma=True\npch=True\npython_executable=None\npython_version=None\nsegmented_stacks=False\nshared=False\nsystem_no_deprecated=False\nvisibility=hidden\nwith_stacktrace_backtrace=True\nwithout_atomic=False\nwithout_chrono=False\nwithout_container=False\nwithout_context=False\nwithout_contract=False\nwithout_coroutine=False\nwithout_date_time=False\nwithout_exception=False\nwithout_fiber=False\nwithout_filesystem=False\nwithout_graph=False\nwithout_graph_parallel=True\nwithout_iostreams=False\nwithout_json=False\nwithout_locale=False\nwithout_log=False\nwithout_math=False\nwithout_mpi=True\nwithout_nowide=False\nwithout_program_options=False\nwithout_python=True\nwithout_random=False\nwithout_regex=False\nwithout_serialization=False\nwithout_stacktrace=False\nwithout_system=False\nwithout_test=False\nwithout_thread=False\nwithout_timer=False\nwithout_type_erasure=False\nwithout_wave=False\nzlib=True\nzstd=False\nbzip2:build_executable=True\nbzip2:fPIC=True\nbzip2:shared=False\nlibbacktrace:fPIC=True\nlibbacktrace:shared=False\nzlib:fPIC=True\nzlib:shared=False",
    "package_id": "2033245bf5a77efcda848373b0aa1e71cf9b4dc4",
    "prev": "0",
    "requires": [
     "4",
     "14",
     "15"
    ],
    "context": "host"
   },
   "14": {
    "ref": "bzip2/1.0.8",
    "options": "build_executable=True\nfPIC=True\nshared=False",
    "package_id": "91a8b22c2c5a149bc617cfc06cdd21bf23b12567",
    "prev": "0",
    "context": "host"
   },
   "15": {
    "ref": "libbacktrace/cci.20210118",
    "options": "fPIC=True\nshared=False",
    "package_id": "19729b9559f3ae196cad45cb2b97468ccb75dcd1",
    "prev": "0",
    "context": "host"
   },
   "16": {
    "ref": "libevent/2.1.12",
    "options": "disable_threads=False\nfPIC=True\nshared=False\nwith_openssl=True\nopenssl:386=False\nopenssl:enable_weak_ssl_ciphers=False\nopenssl:fPIC=True\nopenssl:no_aria=False\nopenssl:no_asm=False\nopenssl:no_async=False\nopenssl:no_bf=False\nopenssl:no_blake2=False\nopenssl:no_camellia=False\nopenssl:no_cast=False\nopenssl:no_chacha=False\nopenssl:no_cms=False\nopenssl:no_comp=False\nopenssl:no_ct=False\nopenssl:no_deprecated=False\nopenssl:no_des=False\nopenssl:no_dgram=False\nopenssl:no_dh=False\nopenssl:no_dsa=False\nopenssl:no_dso=False\nopenssl:no_ec=False\nopenssl:no_ecdh=False\nopenssl:no_ecdsa=False\nopenssl:no_engine=False\nopenssl:no_filenames=False\nopenssl:no_gost=False\nopenssl:no_hmac=False\nopenssl:no_idea=False\nopenssl:no_md4=False\nopenssl:no_md5=False\nopenssl:no_mdc2=False\nopenssl:no_ocsp=False\nopenssl:no_pinshared=False\nopenssl:no_rc2=False\nopenssl:no_rfc3779=False\nopenssl:no_rmd160=False\nopenssl:no_rsa=False\nopenssl:no_seed=False\nopenssl:no_sha=False\nopenssl:no_sm2=False\nopenssl:no_sm3=False\nopenssl:no_sm4=False\nopenssl:no_sock=False\nopenssl:no_srp=False\nopenssl:no_srtp=False\nopenssl:no_sse2=False\nopenssl:no_ssl=False\nopenssl:no_ssl3=False\nopenssl:no_stdio=False\nopenssl:no_tests=False\nopenssl:no_threads=False\nopenssl:no_tls1=False\nopenssl:no_ts=False\nopenssl:no_whirlpool=False\nopenssl:openssldir=None\nopenssl:shared=False",
    "package_id": "9044e83e794c7db860c4516c265381e98a41018e",
    "prev": "0",
    "requires": [
     "5"
    ],
    "context": "host"
   },
   "17": {
    "ref": "pistache/cci.20201127",
    "options": "fPIC=True\nshared=False\nwith_ssl=False",
    "package_id": "a8dd98e19088bd5a4d39ba759593d26315781003",
    "prev": "0",
    "requires": [
     "18"
    ],
    "context": "host"
   },
   "18": {
    "ref": "rapidjson/1.1.0",
    "options": "",
    "package_id": "5ab84d6acfe1f23c4fae0ab88f26e3a396351ac9",
    "prev": "0",
    "context": "host"
   }
  },
  "revisions_enabled": false
 },
 "version": "0.4",
 "profile_host": "[settings]\narch=x86_64\narch_build=x86_64\nbuild_type=Release\ncompiler=gcc\ncompiler.libcxx=libstdc++11\ncompiler.version=10\nos=Linux\nos_build=Linux\n[options]\n[build_requires]\n[env]\n"
}